// !$*UTF8*$!
{
	archiveVersion = 1;
	classes = {
	};
	objectVersion = 50;
	objects = {

/* Begin PBXBuildFile section */
		F9EC68EE2161E0580081B2A2 /* AppDelegate.m in Sources */ = {isa = PBXBuildFile; fileRef = F9EC68ED2161E0580081B2A2 /* AppDelegate.m */; };
		F9EC68F12161E0580081B2A2 /* ViewController.m in Sources */ = {isa = PBXBuildFile; fileRef = F9EC68F02161E0580081B2A2 /* ViewController.m */; };
		F9EC68F42161E0580081B2A2 /* Main.storyboard in Resources */ = {isa = PBXBuildFile; fileRef = F9EC68F22161E0580081B2A2 /* Main.storyboard */; };
		F9EC68F62161E0590081B2A2 /* Assets.xcassets in Resources */ = {isa = PBXBuildFile; fileRef = F9EC68F52161E0590081B2A2 /* Assets.xcassets */; };
		F9EC68F92161E0590081B2A2 /* LaunchScreen.storyboard in Resources */ = {isa = PBXBuildFile; fileRef = F9EC68F72161E0590081B2A2 /* LaunchScreen.storyboard */; };
		F9EC68FC2161E0590081B2A2 /* main.m in Sources */ = {isa = PBXBuildFile; fileRef = F9EC68FB2161E0590081B2A2 /* main.m */; };
/* End PBXBuildFile section */

/* Begin PBXFileReference section */
		F9EC68E92161E0570081B2A2 /* testObjc.app */ = {isa = PBXFileReference; explicitFileType = wrapper.application; includeInIndex = 0; path = testObjc.app; sourceTree = BUILT_PRODUCTS_DIR; };
		F9EC68EC2161E0570081B2A2 /* AppDelegate.h */ = {isa = PBXFileReference; lastKnownFileType = sourcecode.c.h; path = AppDelegate.h; sourceTree = "<group>"; };
		F9EC68ED2161E0580081B2A2 /* AppDelegate.m */ = {isa = PBXFileReference; lastKnownFileType = sourcecode.c.objc; path = AppDelegate.m; sourceTree = "<group>"; };
		F9EC68EF2161E0580081B2A2 /* ViewController.h */ = {isa = PBXFileReference; lastKnownFileType = sourcecode.c.h; path = ViewController.h; sourceTree = "<group>"; };
		F9EC68F02161E0580081B2A2 /* ViewController.m */ = {isa = PBXFileReference; lastKnownFileType = sourcecode.c.objc; path = ViewController.m; sourceTree = "<group>"; };
		F9EC68F32161E0580081B2A2 /* Base */ = {isa = PBXFileReference; lastKnownFileType = file.storyboard; name = Base; path = Base.lproj/Main.storyboard; sourceTree = "<group>"; };
		F9EC68F52161E0590081B2A2 /* Assets.xcassets */ = {isa = PBXFileReference; lastKnownFileType = folder.assetcatalog; path = Assets.xcassets; sourceTree = "<group>"; };
		F9EC68F82161E0590081B2A2 /* Base */ = {isa = PBXFileReference; lastKnownFileType = file.storyboard; name = Base; path = Base.lproj/LaunchScreen.storyboard; sourceTree = "<group>"; };
		F9EC68FA2161E0590081B2A2 /* Info.plist */ = {isa = PBXFileReference; lastKnownFileType = text.plist.xml; path = Info.plist; sourceTree = "<group>"; };
		F9EC68FB2161E0590081B2A2 /* main.m */ = {isa = PBXFileReference; lastKnownFileType = sourcecode.c.objc; path = main.m; sourceTree = "<group>"; };
/* End PBXFileReference section */

/* Begin PBXFrameworksBuildPhase section */
		F9EC68E62161E0570081B2A2 /* Frameworks */ = {
			isa = PBXFrameworksBuildPhase;
			buildActionMask = 2147483647;
			files = (
			);
			runOnlyForDeploymentPostprocessing = 0;
		};
/* End PBXFrameworksBuildPhase section */

/* Begin PBXGroup section */
		F9EC68E02161E0570081B2A2 = {
			isa = PBXGroup;
			children = (
				F9EC68EB2161E0570081B2A2 /* testObjc */,
				F9EC68EA2161E0570081B2A2 /* Products */,
			);
			sourceTree = "<group>";
		};
		F9EC68EA2161E0570081B2A2 /* Products */ = {
			isa = PBXGroup;
			children = (
				F9EC68E92161E0570081B2A2 /* testObjc.app */,
			);
			name = Products;
			sourceTree = "<group>";
		};
		F9EC68EB2161E0570081B2A2 /* testObjc */ = {
			isa = PBXGroup;
			children = (
				F9EC68EC2161E0570081B2A2 /* AppDelegate.h */,
				F9EC68ED2161E0580081B2A2 /* AppDelegate.m */,
				F9EC68EF2161E0580081B2A2 /* ViewController.h */,
				F9EC68F02161E0580081B2A2 /* ViewController.m */,
				F9EC68F22161E0580081B2A2 /* Main.storyboard */,
				F9EC68F52161E0590081B2A2 /* Assets.xcassets */,
				F9EC68F72161E0590081B2A2 /* LaunchScreen.storyboard */,
				F9EC68FA2161E0590081B2A2 /* Info.plist */,
				F9EC68FB2161E0590081B2A2 /* main.m */,
			);
			path = testObjc;
			sourceTree = "<group>";
		};
/* End PBXGroup section */

/* Begin PBXNativeTarget section */
		F9EC68E82161E0570081B2A2 /* testObjc */ = {
			isa = PBXNativeTarget;
			buildConfigurationList = F9EC68FF2161E0590081B2A2 /* Build configuration list for PBXNativeTarget "testObjc" */;
			buildPhases = (
				F9EC68E52161E0570081B2A2 /* Sources */,
				F9EC68E62161E0570081B2A2 /* Frameworks */,
				F9EC68E72161E0570081B2A2 /* Resources */,
			);
			buildRules = (
			);
			dependencies = (
			);
			name = testObjc;
			productName = testObjc;
			productReference = F9EC68E92161E0570081B2A2 /* testObjc.app */;
			productType = "com.apple.product-type.application";
		};
/* End PBXNativeTarget section */

/* Begin PBXProject section */
		F9EC68E12161E0570081B2A2 /* Project object */ = {
			isa = PBXProject;
			attributes = {
				LastUpgradeCheck = 1000;
				ORGANIZATIONNAME = DKY;
				TargetAttributes = {
					F9EC68E82161E0570081B2A2 = {
						CreatedOnToolsVersion = 10.0;
					};
				};
			};
			buildConfigurationList = F9EC68E42161E0570081B2A2 /* Build configuration list for PBXProject "testObjc" */;
			compatibilityVersion = "Xcode 9.3";
			developmentRegion = en;
			hasScannedForEncodings = 0;
			knownRegions = (
				en,
				Base,
			);
			mainGroup = F9EC68E02161E0570081B2A2;
			productRefGroup = F9EC68EA2161E0570081B2A2 /* Products */;
			projectDirPath = "";
			projectRoot = "";
			targets = (
				F9EC68E82161E0570081B2A2 /* testObjc */,
			);
		};
/* End PBXProject section */

/* Begin PBXResourcesBuildPhase section */
		F9EC68E72161E0570081B2A2 /* Resources */ = {
			isa = PBXResourcesBuildPhase;
			buildActionMask = 2147483647;
			files = (
				F9EC68F92161E0590081B2A2 /* LaunchScreen.storyboard in Resources */,
				F9EC68F62161E0590081B2A2 /* Assets.xcassets in Resources */,
				F9EC68F42161E0580081B2A2 /* Main.storyboard in Resources */,
			);
			runOnlyForDeploymentPostprocessing = 0;
		};
/* End PBXResourcesBuildPhase section */

/* Begin PBXSourcesBuildPhase section */
		F9EC68E52161E0570081B2A2 /* Sources */ = {
			isa = PBXSourcesBuildPhase;
			buildActionMask = 2147483647;
			files = (
				F9EC68F12161E0580081B2A2 /* ViewController.m in Sources */,
				F9EC68FC2161E0590081B2A2 /* main.m in Sources */,
				F9EC68EE2161E0580081B2A2 /* AppDelegate.m in Sources */,
			);
			runOnlyForDeploymentPostprocessing = 0;
		};
/* End PBXSourcesBuildPhase section */

/* Begin PBXVariantGroup section */
		F9EC68F22161E0580081B2A2 /* Main.storyboard */ = {
			isa = PBXVariantGroup;
			children = (
				F9EC68F32161E0580081B2A2 /* Base */,
			);
			name = Main.storyboard;
			sourceTree = "<group>";
		};
		F9EC68F72161E0590081B2A2 /* LaunchScreen.storyboard */ = {
			isa = PBXVariantGroup;
			children = (
				F9EC68F82161E0590081B2A2 /* Base */,
			);
			name = LaunchScreen.storyboard;
			sourceTree = "<group>";
		};
/* End PBXVariantGroup section */

/* Begin XCBuildConfiguration section */
		F9EC68FD2161E0590081B2A2 /* Debug */ = {
			isa = XCBuildConfiguration;
			buildSettings = {
				ALWAYS_SEARCH_USER_PATHS = NO;
				CLANG_ANALYZER_NONNULL = YES;
				CLANG_ANALYZER_NUMBER_OBJECT_CONVERSION = YES_AGGRESSIVE;
				CLANG_CXX_LANGUAGE_STANDARD = "gnu++14";
				CLANG_CXX_LIBRARY = "libc++";
				CLANG_ENABLE_MODULES = YES;
				CLANG_ENABLE_OBJC_ARC = YES;
				CLANG_ENABLE_OBJC_WEAK = YES;
				CLANG_WARN_BLOCK_CAPTURE_AUTORELEASING = YES;
				CLANG_WARN_BOOL_CONVERSION = YES;
				CLANG_WARN_COMMA = YES;
				CLANG_WARN_CONSTANT_CONVERSION = YES;
				CLANG_WARN_DEPRECATED_OBJC_IMPLEMENTATIONS = YES;
				CLANG_WARN_DIRECT_OBJC_ISA_USAGE = YES_ERROR;
				CLANG_WARN_DOCUMENTATION_COMMENTS = YES;
				CLANG_WARN_EMPTY_BODY = YES;
				CLANG_WARN_ENUM_CONVERSION = YES;
				CLANG_WARN_INFINITE_RECURSION = YES;
				CLANG_WARN_INT_CONVERSION = YES;
				CLANG_WARN_NON_LITERAL_NULL_CONVERSION = YES;
				CLANG_WARN_OBJC_IMPLICIT_RETAIN_SELF = YES;
				CLANG_WARN_OBJC_LITERAL_CONVERSION = YES;
				CLANG_WARN_OBJC_ROOT_CLASS = YES_ERROR;
				CLANG_WARN_RANGE_LOOP_ANALYSIS = YES;
				CLANG_WARN_STRICT_PROTOTYPES = YES;
				CLANG_WARN_SUSPICIOUS_MOVE = YES;
				CLANG_WARN_UNGUARDED_AVAILABILITY = YES_AGGRESSIVE;
				CLANG_WARN_UNREACHABLE_CODE = YES;
				CLANG_WARN__DUPLICATE_METHOD_MATCH = YES;
				CODE_SIGN_IDENTITY = "iPhone Developer";
				COPY_PHASE_STRIP = NO;
				DEBUG_INFORMATION_FORMAT = dwarf;
				ENABLE_STRICT_OBJC_MSGSEND = YES;
				ENABLE_TESTABILITY = YES;
				GCC_C_LANGUAGE_STANDARD = gnu11;
				GCC_DYNAMIC_NO_PIC = NO;
				GCC_NO_COMMON_BLOCKS = YES;
				GCC_OPTIMIZATION_LEVEL = 0;
				GCC_PREPROCESSOR_DEFINITIONS = (
					"DEBUG=1",
					"$(inherited)",
				);
				GCC_WARN_64_TO_32_BIT_CONVERSION = YES;
				GCC_WARN_ABOUT_RETURN_TYPE = YES_ERROR;
				GCC_WARN_UNDECLARED_SELECTOR = YES;
				GCC_WARN_UNINITIALIZED_AUTOS = YES_AGGRESSIVE;
				GCC_WARN_UNUSED_FUNCTION = YES;
				GCC_WARN_UNUSED_VARIABLE = YES;
				IPHONEOS_DEPLOYMENT_TARGET = 12.0;
				MTL_ENABLE_DEBUG_INFO = INCLUDE_SOURCE;
				MTL_FAST_MATH = YES;
				ONLY_ACTIVE_ARCH = YES;
				SDKROOT = iphoneos;
			};
			name = Debug;
		};
		F9EC68FE2161E0590081B2A2 /* Release */ = {
			isa = XCBuildConfiguration;
			buildSettings = {
				ALWAYS_SEARCH_USER_PATHS = NO;
				CLANG_ANALYZER_NONNULL = YES;
				CLANG_ANALYZER_NUMBER_OBJECT_CONVERSION = YES_AGGRESSIVE;
				CLANG_CXX_LANGUAGE_STANDARD = "gnu++14";
				CLANG_CXX_LIBRARY = "libc++";
				CLANG_ENABLE_MODULES = YES;
				CLANG_ENABLE_OBJC_ARC = YES;
				CLANG_ENABLE_OBJC_WEAK = YES;
				CLANG_WARN_BLOCK_CAPTURE_AUTORELEASING = YES;
				CLANG_WARN_BOOL_CONVERSION = YES;
				CLANG_WARN_COMMA = YES;
				CLANG_WARN_CONSTANT_CONVERSION = YES;
				CLANG_WARN_DEPRECATED_OBJC_IMPLEMENTATIONS = YES;
				CLANG_WARN_DIRECT_OBJC_ISA_USAGE = YES_ERROR;
				CLANG_WARN_DOCUMENTATION_COMMENTS = YES;
				CLANG_WARN_EMPTY_BODY = YES;
				CLANG_WARN_ENUM_CONVERSION = YES;
				CLANG_WARN_INFINITE_RECURSION = YES;
				CLANG_WARN_INT_CONVERSION = YES;
				CLANG_WARN_NON_LITERAL_NULL_CONVERSION = YES;
				CLANG_WARN_OBJC_IMPLICIT_RETAIN_SELF = YES;
				CLANG_WARN_OBJC_LITERAL_CONVERSION = YES;
				CLANG_WARN_OBJC_ROOT_CLASS = YES_ERROR;
				CLANG_WARN_RANGE_LOOP_ANALYSIS = YES;
				CLANG_WARN_STRICT_PROTOTYPES = YES;
				CLANG_WARN_SUSPICIOUS_MOVE = YES;
				CLANG_WARN_UNGUARDED_AVAILABILITY = YES_AGGRESSIVE;
				CLANG_WARN_UNREACHABLE_CODE = YES;
				CLANG_WARN__DUPLICATE_METHOD_MATCH = YES;
				CODE_SIGN_IDENTITY = "iPhone Developer";
				COPY_PHASE_STRIP = NO;
				DEBUG_INFORMATION_FORMAT = "dwarf-with-dsym";
				ENABLE_NS_ASSERTIONS = NO;
				ENABLE_STRICT_OBJC_MSGSEND = YES;
				GCC_C_LANGUAGE_STANDARD = gnu11;
				GCC_NO_COMMON_BLOCKS = YES;
				GCC_WARN_64_TO_32_BIT_CONVERSION = YES;
				GCC_WARN_ABOUT_RETURN_TYPE = YES_ERROR;
				GCC_WARN_UNDECLARED_SELECTOR = YES;
				GCC_WARN_UNINITIALIZED_AUTOS = YES_AGGRESSIVE;
				GCC_WARN_UNUSED_FUNCTION = YES;
				GCC_WARN_UNUSED_VARIABLE = YES;
				IPHONEOS_DEPLOYMENT_TARGET = 12.0;
				MTL_ENABLE_DEBUG_INFO = NO;
				MTL_FAST_MATH = YES;
				SDKROOT = iphoneos;
				VALIDATE_PRODUCT = YES;
			};
			name = Release;
		};
		F9EC69002161E0590081B2A2 /* Debug */ = {
			isa = XCBuildConfiguration;
			buildSettings = {
				ASSETCATALOG_COMPILER_APPICON_NAME = AppIcon;
				CODE_SIGN_STYLE = Automatic;
				INFOPLIST_FILE = testObjc/Info.plist;
				LD_RUNPATH_SEARCH_PATHS = (
					"$(inherited)",
					"@executable_path/Frameworks",
				);
				PRODUCT_BUNDLE_IDENTIFIER = com.lbd.app.testObjc;
				PRODUCT_NAME = "$(TARGET_NAME)";
				TARGETED_DEVICE_FAMILY = "1,2";
			};
			name = Debug;
		};
		F9EC69012161E0590081B2A2 /* Release */ = {
			isa = XCBuildConfiguration;
			buildSettings = {
				ASSETCATALOG_COMPILER_APPICON_NAME = AppIcon;
				CODE_SIGN_STYLE = Automatic;
				INFOPLIST_FILE = testObjc/Info.plist;
				LD_RUNPATH_SEARCH_PATHS = (
					"$(inherited)",
					"@executable_path/Frameworks",
				);
				PRODUCT_BUNDLE_IDENTIFIER = com.lbd.app.testObjc;
				PRODUCT_NAME = "$(TARGET_NAME)";
				TARGETED_DEVICE_FAMILY = "1,2";
			};
			name = Release;
		};
/* End XCBuildConfiguration section */

/* Begin XCConfigurationList section */
		F9EC68E42161E0570081B2A2 /* Build configuration list for PBXProject "testObjc" */ = {
			isa = XCConfigurationList;
			buildConfigurations = (
				F9EC68FD2161E0590081B2A2 /* Debug */,
				F9EC68FE2161E0590081B2A2 /* Release */,
			);
			defaultConfigurationIsVisible = 0;
			defaultConfigurationName = Release;
		};
		F9EC68FF2161E0590081B2A2 /* Build configuration list for PBXNativeTarget "testObjc" */ = {
			isa = XCConfigurationList;
			buildConfigurations = (
				F9EC69002161E0590081B2A2 /* Debug */,
				F9EC69012161E0590081B2A2 /* Release */,
			);
			defaultConfigurationIsVisible = 0;
			defaultConfigurationName = Release;
		};
/* End XCConfigurationList section */
	};
	rootObject = F9EC68E12161E0570081B2A2 /* Project object */;
}
